
Microsoft Visual Studio Solution File, Format Version 12.00
# Visual Studio 15
VisualStudioVersion = 15.0.28307.168
MinimumVisualStudioVersion = 10.0.40219.1
Project("{FAE04EC0-301F-11D3-BF4B-00C04F79EFBC}") = "BlackJack", "BlackJack\BlackJack.csproj", "{DACA4BC1-E1FB-44B7-844A-B5CB51425982}"
EndProject
Project("{FAE04EC0-301F-11D3-BF4B-00C04F79EFBC}") = "DA_Layer", "DAS_Layer\DA_Layer.csproj", "{34D54E1E-5ECD-4F93-AFA0-88520E5DB85C}"
EndProject
Project("{FAE04EC0-301F-11D3-BF4B-00C04F79EFBC}") = "HelpfulValues", "HelpfulValues\HelpfulValues.csproj", "{0B8F8989-FD38-4DF6-AFE0-E6E4002107AB}"
EndProject
Project("{FAE04EC0-301F-11D3-BF4B-00C04F79EFBC}") = "BSL_Layer", "BSL_Layer\BSL_Layer.csproj", "{B3E8A99E-D0A8-48D0-BBED-BA97B60F29FF}"
EndProject
Global
	GlobalSection(SolutionConfigurationPlatforms) = preSolution
		Debug|Any CPU = Debug|Any CPU
		Release|Any CPU = Release|Any CPU
	EndGlobalSection
	GlobalSection(ProjectConfigurationPlatforms) = postSolution
		{DACA4BC1-E1FB-44B7-844A-B5CB51425982}.Debug|Any CPU.ActiveCfg = Debug|Any CPU
		{DACA4BC1-E1FB-44B7-844A-B5CB51425982}.Debug|Any CPU.Build.0 = Debug|Any CPU
		{DACA4BC1-E1FB-44B7-844A-B5CB51425982}.Release|Any CPU.ActiveCfg = Release|Any CPU
		{DACA4BC1-E1FB-44B7-844A-B5CB51425982}.Release|Any CPU.Build.0 = Release|Any CPU
		{34D54E1E-5ECD-4F93-AFA0-88520E5DB85C}.Debug|Any CPU.ActiveCfg = Debug|Any CPU
		{34D54E1E-5ECD-4F93-AFA0-88520E5DB85C}.Debug|Any CPU.Build.0 = Debug|Any CPU
		{34D54E1E-5ECD-4F93-AFA0-88520E5DB85C}.Release|Any CPU.ActiveCfg = Release|Any CPU
		{34D54E1E-5ECD-4F93-AFA0-88520E5DB85C}.Release|Any CPU.Build.0 = Release|Any CPU
		{0B8F8989-FD38-4DF6-AFE0-E6E4002107AB}.Debug|Any CPU.ActiveCfg = Debug|Any CPU
		{0B8F8989-FD38-4DF6-AFE0-E6E4002107AB}.Debug|Any CPU.Build.0 = Debug|Any CPU
		{0B8F8989-FD38-4DF6-AFE0-E6E4002107AB}.Release|Any CPU.ActiveCfg = Release|Any CPU
		{0B8F8989-FD38-4DF6-AFE0-E6E4002107AB}.Release|Any CPU.Build.0 = Release|Any CPU
		{B3E8A99E-D0A8-48D0-BBED-BA97B60F29FF}.Debug|Any CPU.ActiveCfg = Debug|Any CPU
		{B3E8A99E-D0A8-48D0-BBED-BA97B60F29FF}.Debug|Any CPU.Build.0 = Debug|Any CPU
		{B3E8A99E-D0A8-48D0-BBED-BA97B60F29FF}.Release|Any CPU.ActiveCfg = Release|Any CPU
		{B3E8A99E-D0A8-48D0-BBED-BA97B60F29FF}.Release|Any CPU.Build.0 = Release|Any CPU
	EndGlobalSection
	GlobalSection(SolutionProperties) = preSolution
		HideSolutionNode = FALSE
	EndGlobalSection
	GlobalSection(ExtensibilityGlobals) = postSolution
		SolutionGuid = {370B5C00-1028-4513-9C41-692879994334}
	EndGlobalSection
EndGlobal
